
Microsoft Visual Studio Solution File, Format Version 12.00
# Visual Studio Version 17
VisualStudioVersion = 17.4.33122.133
MinimumVisualStudioVersion = 10.0.40219.1
Project("{FAE04EC0-301F-11D3-BF4B-00C04F79EFBC}") = "eTickets", "eTickets\eTickets.csproj", "{9E3B1777-B16A-4B80-AB89-F852B0E9045E}"
EndProject
Global
	GlobalSection(SolutionConfigurationPlatforms) = preSolution
		Debug|Any CPU = Debug|Any CPU
		Release|Any CPU = Release|Any CPU
	EndGlobalSection
	GlobalSection(ProjectConfigurationPlatforms) = postSolution
		{9E3B1777-B16A-4B80-AB89-F852B0E9045E}.Debug|Any CPU.ActiveCfg = Debug|Any CPU
		{9E3B1777-B16A-4B80-AB89-F852B0E9045E}.Debug|Any CPU.Build.0 = Debug|Any CPU
		{9E3B1777-B16A-4B80-AB89-F852B0E9045E}.Release|Any CPU.ActiveCfg = Release|Any CPU
		{9E3B1777-B16A-4B80-AB89-F852B0E9045E}.Release|Any CPU.Build.0 = Release|Any CPU
	EndGlobalSection
	GlobalSection(SolutionProperties) = preSolution
		HideSolutionNode = FALSE
	EndGlobalSection
	GlobalSection(ExtensibilityGlobals) = postSolution
		SolutionGuid = {3B62ABB2-4E27-4E03-8213-F4DB9D6FA3BB}
	EndGlobalSection
EndGlobal
